
Microsoft Visual Studio Solution File, Format Version 12.00
# Visual Studio Version 17
VisualStudioVersion = 17.0.31912.275
MinimumVisualStudioVersion = 10.0.40219.1
Project("{8BC9CEB8-8B4A-11D0-8D11-00A0C91BC942}") = "Урок 20.05.2022 ООП", "Урок 20.05.2022 ООП.vcxproj", "{783FAFE9-9732-41B6-A59C-2E6AFE416300}"
EndProject
Global
	GlobalSection(SolutionConfigurationPlatforms) = preSolution
		Debug|x64 = Debug|x64
		Debug|x86 = Debug|x86
		Release|x64 = Release|x64
		Release|x86 = Release|x86
	EndGlobalSection
	GlobalSection(ProjectConfigurationPlatforms) = postSolution
		{783FAFE9-9732-41B6-A59C-2E6AFE416300}.Debug|x64.ActiveCfg = Debug|x64
		{783FAFE9-9732-41B6-A59C-2E6AFE416300}.Debug|x64.Build.0 = Debug|x64
		{783FAFE9-9732-41B6-A59C-2E6AFE416300}.Debug|x86.ActiveCfg = Debug|Win32
		{783FAFE9-9732-41B6-A59C-2E6AFE416300}.Debug|x86.Build.0 = Debug|Win32
		{783FAFE9-9732-41B6-A59C-2E6AFE416300}.Release|x64.ActiveCfg = Release|x64
		{783FAFE9-9732-41B6-A59C-2E6AFE416300}.Release|x64.Build.0 = Release|x64
		{783FAFE9-9732-41B6-A59C-2E6AFE416300}.Release|x86.ActiveCfg = Release|Win32
		{783FAFE9-9732-41B6-A59C-2E6AFE416300}.Release|x86.Build.0 = Release|Win32
	EndGlobalSection
	GlobalSection(SolutionProperties) = preSolution
		HideSolutionNode = FALSE
	EndGlobalSection
	GlobalSection(ExtensibilityGlobals) = postSolution
		SolutionGuid = {5AA292CB-80C5-452C-890C-145EFA394D85}
	EndGlobalSection
EndGlobal
